
Microsoft Visual Studio Solution File, Format Version 12.00
# Visual Studio 15
VisualStudioVersion = 15.0.27130.2010
MinimumVisualStudioVersion = 10.0.40219.1
Project("{FAE04EC0-301F-11D3-BF4B-00C04F79EFBC}") = "Dots", "Dots\Dots.csproj", "{CCDF6ABB-7CF1-404B-A707-F8A3E594495D}"
EndProject
Global
	GlobalSection(SolutionConfigurationPlatforms) = preSolution
		Debug|Any CPU = Debug|Any CPU
		Release|Any CPU = Release|Any CPU
	EndGlobalSection
	GlobalSection(ProjectConfigurationPlatforms) = postSolution
		{CCDF6ABB-7CF1-404B-A707-F8A3E594495D}.Debug|Any CPU.ActiveCfg = Debug|Any CPU
		{CCDF6ABB-7CF1-404B-A707-F8A3E594495D}.Debug|Any CPU.Build.0 = Debug|Any CPU
		{CCDF6ABB-7CF1-404B-A707-F8A3E594495D}.Release|Any CPU.ActiveCfg = Release|Any CPU
		{CCDF6ABB-7CF1-404B-A707-F8A3E594495D}.Release|Any CPU.Build.0 = Release|Any CPU
	EndGlobalSection
	GlobalSection(SolutionProperties) = preSolution
		HideSolutionNode = FALSE
	EndGlobalSection
	GlobalSection(ExtensibilityGlobals) = postSolution
		SolutionGuid = {E18D5ACF-F3C8-48F2-AFA1-71D0DCB41CE6}
	EndGlobalSection
EndGlobal
